
Microsoft Visual Studio Solution File, Format Version 12.00
# Visual Studio Version 17
VisualStudioVersion = 17.9.34701.34
MinimumVisualStudioVersion = 10.0.40219.1
Project("{FAE04EC0-301F-11D3-BF4B-00C04F79EFBC}") = "MyFirstApp", "MyFirstApp\MyFirstApp.csproj", "{43A9959B-08A5-44A4-A202-3A66BB9B3265}"
EndProject
Global
	GlobalSection(SolutionConfigurationPlatforms) = preSolution
		Debug|Any CPU = Debug|Any CPU
		Release|Any CPU = Release|Any CPU
	EndGlobalSection
	GlobalSection(ProjectConfigurationPlatforms) = postSolution
		{43A9959B-08A5-44A4-A202-3A66BB9B3265}.Debug|Any CPU.ActiveCfg = Debug|Any CPU
		{43A9959B-08A5-44A4-A202-3A66BB9B3265}.Debug|Any CPU.Build.0 = Debug|Any CPU
		{43A9959B-08A5-44A4-A202-3A66BB9B3265}.Release|Any CPU.ActiveCfg = Release|Any CPU
		{43A9959B-08A5-44A4-A202-3A66BB9B3265}.Release|Any CPU.Build.0 = Release|Any CPU
	EndGlobalSection
	GlobalSection(SolutionProperties) = preSolution
		HideSolutionNode = FALSE
	EndGlobalSection
	GlobalSection(ExtensibilityGlobals) = postSolution
		SolutionGuid = {2350F705-B671-4491-8A3D-BA5C624A368A}
	EndGlobalSection
EndGlobal
